
Microsoft Visual Studio Solution File, Format Version 12.00
# Visual Studio Version 16
VisualStudioVersion = 25.0.1703.7
MinimumVisualStudioVersion = 10.0.40219.1
Project("{FAE04EC0-301F-11D3-BF4B-00C04F79EFBC}") = "Interfaces", "Interfaces\Interfaces.csproj", "{A26FC0AE-0918-4EF6-AA68-619FEFB78C43}"
EndProject
Global
	GlobalSection(SolutionConfigurationPlatforms) = preSolution
		Debug|Any CPU = Debug|Any CPU
		Release|Any CPU = Release|Any CPU
	EndGlobalSection
	GlobalSection(ProjectConfigurationPlatforms) = postSolution
		{A26FC0AE-0918-4EF6-AA68-619FEFB78C43}.Debug|Any CPU.ActiveCfg = Debug|Any CPU
		{A26FC0AE-0918-4EF6-AA68-619FEFB78C43}.Debug|Any CPU.Build.0 = Debug|Any CPU
		{A26FC0AE-0918-4EF6-AA68-619FEFB78C43}.Release|Any CPU.ActiveCfg = Release|Any CPU
		{A26FC0AE-0918-4EF6-AA68-619FEFB78C43}.Release|Any CPU.Build.0 = Release|Any CPU
	EndGlobalSection
	GlobalSection(SolutionProperties) = preSolution
		HideSolutionNode = FALSE
	EndGlobalSection
	GlobalSection(ExtensibilityGlobals) = postSolution
		SolutionGuid = {DB0C175F-32D1-41C8-AADE-E99C5861C08A}
	EndGlobalSection
EndGlobal
